
Microsoft Visual Studio Solution File, Format Version 12.00
# Visual Studio Version 16
VisualStudioVersion = 16.0.31605.320
MinimumVisualStudioVersion = 10.0.40219.1
Project("{9A19103F-16F7-4668-BE54-9A1E7A4F7556}") = "LinqLazyVsMaterializedBenchmark", "LinqLazyVsMaterializedBenchmark\LinqLazyVsMaterializedBenchmark.csproj", "{C96D7774-13E5-46B0-ADA2-2F6215CE3DEA}"
EndProject
Project("{FAE04EC0-301F-11D3-BF4B-00C04F79EFBC}") = "ToArrayBenchmark", "ToArrayBenchmark\ToArrayBenchmark.csproj", "{9112C1BD-C816-4838-BA7D-51FFCB4C420E}"
EndProject
Global
	GlobalSection(SolutionConfigurationPlatforms) = preSolution
		Debug|Any CPU = Debug|Any CPU
		Release|Any CPU = Release|Any CPU
	EndGlobalSection
	GlobalSection(ProjectConfigurationPlatforms) = postSolution
		{C96D7774-13E5-46B0-ADA2-2F6215CE3DEA}.Debug|Any CPU.ActiveCfg = Debug|Any CPU
		{C96D7774-13E5-46B0-ADA2-2F6215CE3DEA}.Debug|Any CPU.Build.0 = Debug|Any CPU
		{C96D7774-13E5-46B0-ADA2-2F6215CE3DEA}.Release|Any CPU.ActiveCfg = Release|Any CPU
		{C96D7774-13E5-46B0-ADA2-2F6215CE3DEA}.Release|Any CPU.Build.0 = Release|Any CPU
		{9112C1BD-C816-4838-BA7D-51FFCB4C420E}.Debug|Any CPU.ActiveCfg = Debug|Any CPU
		{9112C1BD-C816-4838-BA7D-51FFCB4C420E}.Debug|Any CPU.Build.0 = Debug|Any CPU
		{9112C1BD-C816-4838-BA7D-51FFCB4C420E}.Release|Any CPU.ActiveCfg = Release|Any CPU
		{9112C1BD-C816-4838-BA7D-51FFCB4C420E}.Release|Any CPU.Build.0 = Release|Any CPU
	EndGlobalSection
	GlobalSection(SolutionProperties) = preSolution
		HideSolutionNode = FALSE
	EndGlobalSection
	GlobalSection(ExtensibilityGlobals) = postSolution
		SolutionGuid = {0CB08498-7077-4437-8DA1-083CBB8B20A2}
	EndGlobalSection
EndGlobal
